
Microsoft Visual Studio Solution File, Format Version 12.00
# Visual Studio Version 17
VisualStudioVersion = 17.5.33424.131
MinimumVisualStudioVersion = 10.0.40219.1
Project("{2150E333-8FDC-42A3-9474-1A3956D46DE8}") = "Services", "Services", "{B4685DDA-BB1D-47B0-A8B6-E48872F34991}"
EndProject
Project("{2150E333-8FDC-42A3-9474-1A3956D46DE8}") = "Catalog", "Catalog", "{E708E859-E8F2-4E67-A9B1-EB860603D5C6}"
EndProject
Project("{9A19103F-16F7-4668-BE54-9A1E7A4F7556}") = "Catalog.API", "Services\Catalog\Catalog.API\Catalog.API.csproj", "{DA83391F-B331-47F6-BEE9-8C34DC7D158B}"
EndProject
Project("{E53339B2-1760-4266-BCC7-CA923CBCF16C}") = "docker-compose", "docker-compose.dcproj", "{85CE086C-63DC-4599-99E7-6F0CE78CEDB5}"
EndProject
Project("{2150E333-8FDC-42A3-9474-1A3956D46DE8}") = "Basket", "Basket", "{E2D68D9C-0A48-4E70-9E32-D5D4C1C9F475}"
EndProject
Project("{9A19103F-16F7-4668-BE54-9A1E7A4F7556}") = "Basket.API", "Services\Basket\Basket.API\Basket.API.csproj", "{02DBDA4F-69B1-4CA9-9FEA-9436E08FDBA9}"
EndProject
Project("{2150E333-8FDC-42A3-9474-1A3956D46DE8}") = "Discount", "Discount", "{CFB8A186-AFFA-4F9B-9E56-4C93036DE882}"
EndProject
Project("{9A19103F-16F7-4668-BE54-9A1E7A4F7556}") = "Discount.API", "Services\Discount\Discount.API\Discount.API.csproj", "{A040C779-1425-49A4-841B-2F8437DADA87}"
EndProject
Project("{9A19103F-16F7-4668-BE54-9A1E7A4F7556}") = "Discount.Grpc", "Services\Discount\Discount.Grpc\Discount.Grpc.csproj", "{B77EF672-6196-42FC-9434-8472DD63E978}"
EndProject
Project("{2150E333-8FDC-42A3-9474-1A3956D46DE8}") = "Ordering", "Ordering", "{2E8D91C5-BDD8-4727-80B2-549180FC44E5}"
EndProject
Project("{9A19103F-16F7-4668-BE54-9A1E7A4F7556}") = "Ordering.API", "Services\Ordering\Ordering.API\Ordering.API.csproj", "{4CA27F2C-253A-4D31-B85A-DDEC0DCDB892}"
EndProject
Project("{9A19103F-16F7-4668-BE54-9A1E7A4F7556}") = "Ordering.Domain", "Services\Ordering\Ordering.Domain\Ordering.Domain.csproj", "{8ECD9562-C992-40CD-8C17-202585D2868C}"
EndProject
Project("{9A19103F-16F7-4668-BE54-9A1E7A4F7556}") = "Ordering.Application", "Services\Ordering\Ordering.Application\Ordering.Application.csproj", "{5B7DE05F-E423-434D-9A14-9568DA7084BC}"
EndProject
Project("{9A19103F-16F7-4668-BE54-9A1E7A4F7556}") = "Ordering.Infrastracture", "Services\Ordering\Ordering.Infrastracture\Ordering.Infrastracture.csproj", "{C20F0445-8F1C-4061-981B-EB1638C8F3DA}"
EndProject
Project("{2150E333-8FDC-42A3-9474-1A3956D46DE8}") = "BuildingBlocks", "BuildingBlocks", "{60B69439-23CF-4415-8A63-AC87AA4A7582}"
EndProject
Project("{9A19103F-16F7-4668-BE54-9A1E7A4F7556}") = "EventBus.Messages", "BuildingBlocks\EventBus.Messages\EventBus.Messages.csproj", "{6A6D2583-1B21-4FC4-BDEB-0AA8531A0BA1}"
EndProject
Project("{2150E333-8FDC-42A3-9474-1A3956D46DE8}") = "ApiGateways", "ApiGateways", "{830B3571-798D-414A-9863-42AD0DDBFAA7}"
EndProject
Project("{9A19103F-16F7-4668-BE54-9A1E7A4F7556}") = "OcelotApiGw", "ApiGateways\OcelotApiGw\OcelotApiGw.csproj", "{BEE554EF-C1D2-43E3-B1D6-49C6FABD0CCD}"
EndProject
Project("{FAE04EC0-301F-11D3-BF4B-00C04F79EFBC}") = "Shopping.Aggregator", "ApiGateways\Shopping.Aggregator\Shopping.Aggregator.csproj", "{408DB4D3-B68D-4A70-A67A-E8797D36EC53}"
EndProject
Project("{2150E333-8FDC-42A3-9474-1A3956D46DE8}") = "WebApps", "WebApps", "{6498FFF2-871B-4B82-88D0-B11496EAE7F7}"
EndProject
Project("{9A19103F-16F7-4668-BE54-9A1E7A4F7556}") = "AspnetRunBasics", "WebApps\AspnetRunBasics\AspnetRunBasics.csproj", "{F4DD9DB8-6D3B-43AD-B452-1A54BD677341}"
EndProject
Global
	GlobalSection(SolutionConfigurationPlatforms) = preSolution
		Debug|Any CPU = Debug|Any CPU
		Release|Any CPU = Release|Any CPU
	EndGlobalSection
	GlobalSection(ProjectConfigurationPlatforms) = postSolution
		{DA83391F-B331-47F6-BEE9-8C34DC7D158B}.Debug|Any CPU.ActiveCfg = Debug|Any CPU
		{DA83391F-B331-47F6-BEE9-8C34DC7D158B}.Debug|Any CPU.Build.0 = Debug|Any CPU
		{DA83391F-B331-47F6-BEE9-8C34DC7D158B}.Release|Any CPU.ActiveCfg = Release|Any CPU
		{DA83391F-B331-47F6-BEE9-8C34DC7D158B}.Release|Any CPU.Build.0 = Release|Any CPU
		{85CE086C-63DC-4599-99E7-6F0CE78CEDB5}.Debug|Any CPU.ActiveCfg = Debug|Any CPU
		{85CE086C-63DC-4599-99E7-6F0CE78CEDB5}.Debug|Any CPU.Build.0 = Debug|Any CPU
		{85CE086C-63DC-4599-99E7-6F0CE78CEDB5}.Release|Any CPU.ActiveCfg = Release|Any CPU
		{85CE086C-63DC-4599-99E7-6F0CE78CEDB5}.Release|Any CPU.Build.0 = Release|Any CPU
		{02DBDA4F-69B1-4CA9-9FEA-9436E08FDBA9}.Debug|Any CPU.ActiveCfg = Debug|Any CPU
		{02DBDA4F-69B1-4CA9-9FEA-9436E08FDBA9}.Debug|Any CPU.Build.0 = Debug|Any CPU
		{02DBDA4F-69B1-4CA9-9FEA-9436E08FDBA9}.Release|Any CPU.ActiveCfg = Release|Any CPU
		{02DBDA4F-69B1-4CA9-9FEA-9436E08FDBA9}.Release|Any CPU.Build.0 = Release|Any CPU
		{A040C779-1425-49A4-841B-2F8437DADA87}.Debug|Any CPU.ActiveCfg = Debug|Any CPU
		{A040C779-1425-49A4-841B-2F8437DADA87}.Debug|Any CPU.Build.0 = Debug|Any CPU
		{A040C779-1425-49A4-841B-2F8437DADA87}.Release|Any CPU.ActiveCfg = Release|Any CPU
		{A040C779-1425-49A4-841B-2F8437DADA87}.Release|Any CPU.Build.0 = Release|Any CPU
		{B77EF672-6196-42FC-9434-8472DD63E978}.Debug|Any CPU.ActiveCfg = Debug|Any CPU
		{B77EF672-6196-42FC-9434-8472DD63E978}.Debug|Any CPU.Build.0 = Debug|Any CPU
		{B77EF672-6196-42FC-9434-8472DD63E978}.Release|Any CPU.ActiveCfg = Release|Any CPU
		{B77EF672-6196-42FC-9434-8472DD63E978}.Release|Any CPU.Build.0 = Release|Any CPU
		{4CA27F2C-253A-4D31-B85A-DDEC0DCDB892}.Debug|Any CPU.ActiveCfg = Debug|Any CPU
		{4CA27F2C-253A-4D31-B85A-DDEC0DCDB892}.Debug|Any CPU.Build.0 = Debug|Any CPU
		{4CA27F2C-253A-4D31-B85A-DDEC0DCDB892}.Release|Any CPU.ActiveCfg = Release|Any CPU
		{4CA27F2C-253A-4D31-B85A-DDEC0DCDB892}.Release|Any CPU.Build.0 = Release|Any CPU
		{8ECD9562-C992-40CD-8C17-202585D2868C}.Debug|Any CPU.ActiveCfg = Debug|Any CPU
		{8ECD9562-C992-40CD-8C17-202585D2868C}.Debug|Any CPU.Build.0 = Debug|Any CPU
		{8ECD9562-C992-40CD-8C17-202585D2868C}.Release|Any CPU.ActiveCfg = Release|Any CPU
		{8ECD9562-C992-40CD-8C17-202585D2868C}.Release|Any CPU.Build.0 = Release|Any CPU
		{5B7DE05F-E423-434D-9A14-9568DA7084BC}.Debug|Any CPU.ActiveCfg = Debug|Any CPU
		{5B7DE05F-E423-434D-9A14-9568DA7084BC}.Debug|Any CPU.Build.0 = Debug|Any CPU
		{5B7DE05F-E423-434D-9A14-9568DA7084BC}.Release|Any CPU.ActiveCfg = Release|Any CPU
		{5B7DE05F-E423-434D-9A14-9568DA7084BC}.Release|Any CPU.Build.0 = Release|Any CPU
		{C20F0445-8F1C-4061-981B-EB1638C8F3DA}.Debug|Any CPU.ActiveCfg = Debug|Any CPU
		{C20F0445-8F1C-4061-981B-EB1638C8F3DA}.Debug|Any CPU.Build.0 = Debug|Any CPU
		{C20F0445-8F1C-4061-981B-EB1638C8F3DA}.Release|Any CPU.ActiveCfg = Release|Any CPU
		{C20F0445-8F1C-4061-981B-EB1638C8F3DA}.Release|Any CPU.Build.0 = Release|Any CPU
		{6A6D2583-1B21-4FC4-BDEB-0AA8531A0BA1}.Debug|Any CPU.ActiveCfg = Debug|Any CPU
		{6A6D2583-1B21-4FC4-BDEB-0AA8531A0BA1}.Debug|Any CPU.Build.0 = Debug|Any CPU
		{6A6D2583-1B21-4FC4-BDEB-0AA8531A0BA1}.Release|Any CPU.ActiveCfg = Release|Any CPU
		{6A6D2583-1B21-4FC4-BDEB-0AA8531A0BA1}.Release|Any CPU.Build.0 = Release|Any CPU
		{BEE554EF-C1D2-43E3-B1D6-49C6FABD0CCD}.Debug|Any CPU.ActiveCfg = Debug|Any CPU
		{BEE554EF-C1D2-43E3-B1D6-49C6FABD0CCD}.Debug|Any CPU.Build.0 = Debug|Any CPU
		{BEE554EF-C1D2-43E3-B1D6-49C6FABD0CCD}.Release|Any CPU.ActiveCfg = Release|Any CPU
		{BEE554EF-C1D2-43E3-B1D6-49C6FABD0CCD}.Release|Any CPU.Build.0 = Release|Any CPU
		{408DB4D3-B68D-4A70-A67A-E8797D36EC53}.Debug|Any CPU.ActiveCfg = Debug|Any CPU
		{408DB4D3-B68D-4A70-A67A-E8797D36EC53}.Debug|Any CPU.Build.0 = Debug|Any CPU
		{408DB4D3-B68D-4A70-A67A-E8797D36EC53}.Release|Any CPU.ActiveCfg = Release|Any CPU
		{408DB4D3-B68D-4A70-A67A-E8797D36EC53}.Release|Any CPU.Build.0 = Release|Any CPU
		{F4DD9DB8-6D3B-43AD-B452-1A54BD677341}.Debug|Any CPU.ActiveCfg = Debug|Any CPU
		{F4DD9DB8-6D3B-43AD-B452-1A54BD677341}.Debug|Any CPU.Build.0 = Debug|Any CPU
		{F4DD9DB8-6D3B-43AD-B452-1A54BD677341}.Release|Any CPU.ActiveCfg = Release|Any CPU
		{F4DD9DB8-6D3B-43AD-B452-1A54BD677341}.Release|Any CPU.Build.0 = Release|Any CPU
	EndGlobalSection
	GlobalSection(SolutionProperties) = preSolution
		HideSolutionNode = FALSE
	EndGlobalSection
	GlobalSection(NestedProjects) = preSolution
		{E708E859-E8F2-4E67-A9B1-EB860603D5C6} = {B4685DDA-BB1D-47B0-A8B6-E48872F34991}
		{DA83391F-B331-47F6-BEE9-8C34DC7D158B} = {E708E859-E8F2-4E67-A9B1-EB860603D5C6}
		{E2D68D9C-0A48-4E70-9E32-D5D4C1C9F475} = {B4685DDA-BB1D-47B0-A8B6-E48872F34991}
		{02DBDA4F-69B1-4CA9-9FEA-9436E08FDBA9} = {E2D68D9C-0A48-4E70-9E32-D5D4C1C9F475}
		{CFB8A186-AFFA-4F9B-9E56-4C93036DE882} = {B4685DDA-BB1D-47B0-A8B6-E48872F34991}
		{A040C779-1425-49A4-841B-2F8437DADA87} = {CFB8A186-AFFA-4F9B-9E56-4C93036DE882}
		{B77EF672-6196-42FC-9434-8472DD63E978} = {CFB8A186-AFFA-4F9B-9E56-4C93036DE882}
		{2E8D91C5-BDD8-4727-80B2-549180FC44E5} = {B4685DDA-BB1D-47B0-A8B6-E48872F34991}
		{4CA27F2C-253A-4D31-B85A-DDEC0DCDB892} = {2E8D91C5-BDD8-4727-80B2-549180FC44E5}
		{8ECD9562-C992-40CD-8C17-202585D2868C} = {2E8D91C5-BDD8-4727-80B2-549180FC44E5}
		{5B7DE05F-E423-434D-9A14-9568DA7084BC} = {2E8D91C5-BDD8-4727-80B2-549180FC44E5}
		{C20F0445-8F1C-4061-981B-EB1638C8F3DA} = {2E8D91C5-BDD8-4727-80B2-549180FC44E5}
		{6A6D2583-1B21-4FC4-BDEB-0AA8531A0BA1} = {60B69439-23CF-4415-8A63-AC87AA4A7582}
		{BEE554EF-C1D2-43E3-B1D6-49C6FABD0CCD} = {830B3571-798D-414A-9863-42AD0DDBFAA7}
		{408DB4D3-B68D-4A70-A67A-E8797D36EC53} = {830B3571-798D-414A-9863-42AD0DDBFAA7}
		{F4DD9DB8-6D3B-43AD-B452-1A54BD677341} = {6498FFF2-871B-4B82-88D0-B11496EAE7F7}
	EndGlobalSection
	GlobalSection(ExtensibilityGlobals) = postSolution
		SolutionGuid = {967D2F79-4551-4F30-BD68-43FA0E29F1D7}
	EndGlobalSection
EndGlobal
